
Microsoft Visual Studio Solution File, Format Version 12.00
# Visual Studio 15
VisualStudioVersion = 15.0.34031.82
MinimumVisualStudioVersion = 10.0.40219.1
Project("{8BC9CEB8-8B4A-11D0-8D11-00A0C91BC942}") = "p07", "p07\p07.vcxproj", "{FC4C95A6-7737-47C3-A7DB-09EDBC40F0E9}"
EndProject
Global
	GlobalSection(SolutionConfigurationPlatforms) = preSolution
		Debug|x64 = Debug|x64
		Debug|x86 = Debug|x86
		Release|x64 = Release|x64
		Release|x86 = Release|x86
	EndGlobalSection
	GlobalSection(ProjectConfigurationPlatforms) = postSolution
		{FC4C95A6-7737-47C3-A7DB-09EDBC40F0E9}.Debug|x64.ActiveCfg = Debug|x64
		{FC4C95A6-7737-47C3-A7DB-09EDBC40F0E9}.Debug|x64.Build.0 = Debug|x64
		{FC4C95A6-7737-47C3-A7DB-09EDBC40F0E9}.Debug|x86.ActiveCfg = Debug|Win32
		{FC4C95A6-7737-47C3-A7DB-09EDBC40F0E9}.Debug|x86.Build.0 = Debug|Win32
		{FC4C95A6-7737-47C3-A7DB-09EDBC40F0E9}.Release|x64.ActiveCfg = Release|x64
		{FC4C95A6-7737-47C3-A7DB-09EDBC40F0E9}.Release|x64.Build.0 = Release|x64
		{FC4C95A6-7737-47C3-A7DB-09EDBC40F0E9}.Release|x86.ActiveCfg = Release|Win32
		{FC4C95A6-7737-47C3-A7DB-09EDBC40F0E9}.Release|x86.Build.0 = Release|Win32
	EndGlobalSection
	GlobalSection(SolutionProperties) = preSolution
		HideSolutionNode = FALSE
	EndGlobalSection
	GlobalSection(ExtensibilityGlobals) = postSolution
		SolutionGuid = {A3365A5A-023D-4FD8-ACDE-8C304732F48F}
	EndGlobalSection
EndGlobal
