
Microsoft Visual Studio Solution File, Format Version 12.00
# Visual Studio 15
VisualStudioVersion = 15.0.34031.82
MinimumVisualStudioVersion = 10.0.40219.1
Project("{8BC9CEB8-8B4A-11D0-8D11-00A0C91BC942}") = "p19", "p19\p19.vcxproj", "{61135548-ADE9-4BBB-AAD5-D483E4B395D0}"
EndProject
Global
	GlobalSection(SolutionConfigurationPlatforms) = preSolution
		Debug|x64 = Debug|x64
		Debug|x86 = Debug|x86
		Release|x64 = Release|x64
		Release|x86 = Release|x86
	EndGlobalSection
	GlobalSection(ProjectConfigurationPlatforms) = postSolution
		{61135548-ADE9-4BBB-AAD5-D483E4B395D0}.Debug|x64.ActiveCfg = Debug|x64
		{61135548-ADE9-4BBB-AAD5-D483E4B395D0}.Debug|x64.Build.0 = Debug|x64
		{61135548-ADE9-4BBB-AAD5-D483E4B395D0}.Debug|x86.ActiveCfg = Debug|Win32
		{61135548-ADE9-4BBB-AAD5-D483E4B395D0}.Debug|x86.Build.0 = Debug|Win32
		{61135548-ADE9-4BBB-AAD5-D483E4B395D0}.Release|x64.ActiveCfg = Release|x64
		{61135548-ADE9-4BBB-AAD5-D483E4B395D0}.Release|x64.Build.0 = Release|x64
		{61135548-ADE9-4BBB-AAD5-D483E4B395D0}.Release|x86.ActiveCfg = Release|Win32
		{61135548-ADE9-4BBB-AAD5-D483E4B395D0}.Release|x86.Build.0 = Release|Win32
	EndGlobalSection
	GlobalSection(SolutionProperties) = preSolution
		HideSolutionNode = FALSE
	EndGlobalSection
	GlobalSection(ExtensibilityGlobals) = postSolution
		SolutionGuid = {846311AC-CB0B-4244-9CD9-1A7B9084E82F}
	EndGlobalSection
EndGlobal
